// !$*UTF8*$!
{
	archiveVersion = 1;
	classes = {
	};
	objectVersion = 51;
	objects = {

/* Begin PBXBuildFile section */
		1143142026068C6300529223 /* AppDelegate.swift in Sources */ = {isa = PBXBuildFile; fileRef = 1143141F26068C6300529223 /* AppDelegate.swift */; };
		1143142226068C6300529223 /* SceneDelegate.swift in Sources */ = {isa = PBXBuildFile; fileRef = 1143142126068C6300529223 /* SceneDelegate.swift */; };
		1143142926068C6500529223 /* Assets.xcassets in Resources */ = {isa = PBXBuildFile; fileRef = 1143142826068C6500529223 /* Assets.xcassets */; };
		1143142C26068C6500529223 /* LaunchScreen.storyboard in Resources */ = {isa = PBXBuildFile; fileRef = 1143142A26068C6500529223 /* LaunchScreen.storyboard */; };
		1143143926068D0F00529223 /* ManagerConection.swift in Sources */ = {isa = PBXBuildFile; fileRef = 1143143826068D0F00529223 /* ManagerConection.swift */; };
		1143143D26068D3200529223 /* API.swift in Sources */ = {isa = PBXBuildFile; fileRef = 1143143C26068D3200529223 /* API.swift */; };
		1143144E26068E9C00529223 /* HomeViewController.swift in Sources */ = {isa = PBXBuildFile; fileRef = 1143144C26068E9C00529223 /* HomeViewController.swift */; };
		1143144F26068E9C00529223 /* HomeViewController.xib in Resources */ = {isa = PBXBuildFile; fileRef = 1143144D26068E9C00529223 /* HomeViewController.xib */; };
		1143145326068EA900529223 /* HomeViewModel.swift in Sources */ = {isa = PBXBuildFile; fileRef = 1143145226068EA800529223 /* HomeViewModel.swift */; };
		1143145626068EB300529223 /* HomeRouter.swift in Sources */ = {isa = PBXBuildFile; fileRef = 1143145526068EB300529223 /* HomeRouter.swift */; };
		1143145B2606930100529223 /* Extensions.swift in Sources */ = {isa = PBXBuildFile; fileRef = 1143145A2606930100529223 /* Extensions.swift */; };
		1143145E2606952700529223 /* SimpleResposeModel.swift in Sources */ = {isa = PBXBuildFile; fileRef = 1143145D2606952700529223 /* SimpleResposeModel.swift */; };
		114314612606953300529223 /* Product.swift in Sources */ = {isa = PBXBuildFile; fileRef = 114314602606953300529223 /* Product.swift */; };
		114314722606AC4200529223 /* ProductViewCell.swift in Sources */ = {isa = PBXBuildFile; fileRef = 114314702606AC4200529223 /* ProductViewCell.swift */; };
		114314732606AC4200529223 /* ProductViewCell.xib in Resources */ = {isa = PBXBuildFile; fileRef = 114314712606AC4200529223 /* ProductViewCell.xib */; };
		11998A812606D327006E3ECC /* Constants.swift in Sources */ = {isa = PBXBuildFile; fileRef = 11998A802606D327006E3ECC /* Constants.swift */; };
		34E1D1FE3252A872D8899970 /* Pods_gaspiTestDev.framework in Frameworks */ = {isa = PBXBuildFile; fileRef = C5834461D10CD43689A75A3C /* Pods_gaspiTestDev.framework */; };
/* End PBXBuildFile section */

/* Begin PBXFileReference section */
		1143141C26068C6300529223 /* gaspiTestDev.app */ = {isa = PBXFileReference; explicitFileType = wrapper.application; includeInIndex = 0; path = gaspiTestDev.app; sourceTree = BUILT_PRODUCTS_DIR; };
		1143141F26068C6300529223 /* AppDelegate.swift */ = {isa = PBXFileReference; lastKnownFileType = sourcecode.swift; path = AppDelegate.swift; sourceTree = "<group>"; };
		1143142126068C6300529223 /* SceneDelegate.swift */ = {isa = PBXFileReference; lastKnownFileType = sourcecode.swift; path = SceneDelegate.swift; sourceTree = "<group>"; };
		1143142826068C6500529223 /* Assets.xcassets */ = {isa = PBXFileReference; lastKnownFileType = folder.assetcatalog; path = Assets.xcassets; sourceTree = "<group>"; };
		1143142B26068C6500529223 /* Base */ = {isa = PBXFileReference; lastKnownFileType = file.storyboard; name = Base; path = Base.lproj/LaunchScreen.storyboard; sourceTree = "<group>"; };
		1143142D26068C6500529223 /* Info.plist */ = {isa = PBXFileReference; lastKnownFileType = text.plist.xml; path = Info.plist; sourceTree = "<group>"; };
		1143143826068D0F00529223 /* ManagerConection.swift */ = {isa = PBXFileReference; lastKnownFileType = sourcecode.swift; path = ManagerConection.swift; sourceTree = "<group>"; };
		1143143C26068D3200529223 /* API.swift */ = {isa = PBXFileReference; lastKnownFileType = sourcecode.swift; path = API.swift; sourceTree = "<group>"; };
		1143144C26068E9C00529223 /* HomeViewController.swift */ = {isa = PBXFileReference; lastKnownFileType = sourcecode.swift; path = HomeViewController.swift; sourceTree = "<group>"; };
		1143144D26068E9C00529223 /* HomeViewController.xib */ = {isa = PBXFileReference; lastKnownFileType = file.xib; path = HomeViewController.xib; sourceTree = "<group>"; };
		1143145226068EA800529223 /* HomeViewModel.swift */ = {isa = PBXFileReference; lastKnownFileType = sourcecode.swift; path = HomeViewModel.swift; sourceTree = "<group>"; };
		1143145526068EB300529223 /* HomeRouter.swift */ = {isa = PBXFileReference; lastKnownFileType = sourcecode.swift; path = HomeRouter.swift; sourceTree = "<group>"; };
		1143145A2606930100529223 /* Extensions.swift */ = {isa = PBXFileReference; lastKnownFileType = sourcecode.swift; name = Extensions.swift; path = gaspiTestDev/Extensions.swift; sourceTree = SOURCE_ROOT; };
		1143145D2606952700529223 /* SimpleResposeModel.swift */ = {isa = PBXFileReference; lastKnownFileType = sourcecode.swift; path = SimpleResposeModel.swift; sourceTree = "<group>"; };
		114314602606953300529223 /* Product.swift */ = {isa = PBXFileReference; lastKnownFileType = sourcecode.swift; path = Product.swift; sourceTree = "<group>"; };
		114314702606AC4200529223 /* ProductViewCell.swift */ = {isa = PBXFileReference; lastKnownFileType = sourcecode.swift; path = ProductViewCell.swift; sourceTree = "<group>"; };
		114314712606AC4200529223 /* ProductViewCell.xib */ = {isa = PBXFileReference; lastKnownFileType = file.xib; path = ProductViewCell.xib; sourceTree = "<group>"; };
		11998A802606D327006E3ECC /* Constants.swift */ = {isa = PBXFileReference; lastKnownFileType = sourcecode.swift; path = Constants.swift; sourceTree = "<group>"; };
		4AFB74C060A2E38EB4B51417 /* Pods-gaspiTestDev.debug.xcconfig */ = {isa = PBXFileReference; includeInIndex = 1; lastKnownFileType = text.xcconfig; name = "Pods-gaspiTestDev.debug.xcconfig"; path = "Target Support Files/Pods-gaspiTestDev/Pods-gaspiTestDev.debug.xcconfig"; sourceTree = "<group>"; };
		C5834461D10CD43689A75A3C /* Pods_gaspiTestDev.framework */ = {isa = PBXFileReference; explicitFileType = wrapper.framework; includeInIndex = 0; path = Pods_gaspiTestDev.framework; sourceTree = BUILT_PRODUCTS_DIR; };
		DB5504F4B83EB379F1BDDAD4 /* Pods-gaspiTestDev.release.xcconfig */ = {isa = PBXFileReference; includeInIndex = 1; lastKnownFileType = text.xcconfig; name = "Pods-gaspiTestDev.release.xcconfig"; path = "Target Support Files/Pods-gaspiTestDev/Pods-gaspiTestDev.release.xcconfig"; sourceTree = "<group>"; };
/* End PBXFileReference section */

/* Begin PBXFrameworksBuildPhase section */
		1143141926068C6300529223 /* Frameworks */ = {
			isa = PBXFrameworksBuildPhase;
			buildActionMask = 2147483647;
			files = (
				34E1D1FE3252A872D8899970 /* Pods_gaspiTestDev.framework in Frameworks */,
			);
			runOnlyForDeploymentPostprocessing = 0;
		};
/* End PBXFrameworksBuildPhase section */

/* Begin PBXGroup section */
		1143141326068C6300529223 = {
			isa = PBXGroup;
			children = (
				1143141E26068C6300529223 /* gaspiTestDev */,
				1143141D26068C6300529223 /* Products */,
				C8F5994BCF151BF07BD9BCFE /* Pods */,
				C3F2DB8798E454ECFF822D97 /* Frameworks */,
			);
			sourceTree = "<group>";
		};
		1143141D26068C6300529223 /* Products */ = {
			isa = PBXGroup;
			children = (
				1143141C26068C6300529223 /* gaspiTestDev.app */,
			);
			name = Products;
			sourceTree = "<group>";
		};
		1143141E26068C6300529223 /* gaspiTestDev */ = {
			isa = PBXGroup;
			children = (
				1143144726068E5600529223 /* Home */,
				1143143626068C9100529223 /* Resourses */,
				1143143726068CA100529223 /* NetworkManager */,
				1143141F26068C6300529223 /* AppDelegate.swift */,
				1143142126068C6300529223 /* SceneDelegate.swift */,
				1143142826068C6500529223 /* Assets.xcassets */,
				1143142A26068C6500529223 /* LaunchScreen.storyboard */,
				1143142D26068C6500529223 /* Info.plist */,
			);
			path = gaspiTestDev;
			sourceTree = "<group>";
		};
		1143143626068C9100529223 /* Resourses */ = {
			isa = PBXGroup;
			children = (
				11431459260692F000529223 /* Extensions */,
				11998A802606D327006E3ECC /* Constants.swift */,
			);
			name = Resourses;
			path = "New Group1";
			sourceTree = "<group>";
		};
		1143143726068CA100529223 /* NetworkManager */ = {
			isa = PBXGroup;
			children = (
				1143143826068D0F00529223 /* ManagerConection.swift */,
				1143143C26068D3200529223 /* API.swift */,
				1143145D2606952700529223 /* SimpleResposeModel.swift */,
			);
			path = NetworkManager;
			sourceTree = "<group>";
		};
		1143144726068E5600529223 /* Home */ = {
			isa = PBXGroup;
			children = (
				1143144B26068E7800529223 /* Model */,
				1143144A26068E7100529223 /* ViewModel */,
				1143144926068E6600529223 /* View */,
				1143144826068E5F00529223 /* Router */,
			);
			name = Home;
			sourceTree = "<group>";
		};
		1143144826068E5F00529223 /* Router */ = {
			isa = PBXGroup;
			children = (
				1143145526068EB300529223 /* HomeRouter.swift */,
			);
			name = Router;
			sourceTree = "<group>";
		};
		1143144926068E6600529223 /* View */ = {
			isa = PBXGroup;
			children = (
				1143144C26068E9C00529223 /* HomeViewController.swift */,
				1143144D26068E9C00529223 /* HomeViewController.xib */,
				114314702606AC4200529223 /* ProductViewCell.swift */,
				114314712606AC4200529223 /* ProductViewCell.xib */,
			);
			name = View;
			sourceTree = "<group>";
		};
		1143144A26068E7100529223 /* ViewModel */ = {
			isa = PBXGroup;
			children = (
				1143145226068EA800529223 /* HomeViewModel.swift */,
			);
			name = ViewModel;
			sourceTree = "<group>";
		};
		1143144B26068E7800529223 /* Model */ = {
			isa = PBXGroup;
			children = (
				114314602606953300529223 /* Product.swift */,
			);
			name = Model;
			sourceTree = "<group>";
		};
		11431459260692F000529223 /* Extensions */ = {
			isa = PBXGroup;
			children = (
				1143145A2606930100529223 /* Extensions.swift */,
			);
			path = Extensions;
			sourceTree = "<group>";
		};
		C3F2DB8798E454ECFF822D97 /* Frameworks */ = {
			isa = PBXGroup;
			children = (
				C5834461D10CD43689A75A3C /* Pods_gaspiTestDev.framework */,
			);
			name = Frameworks;
			sourceTree = "<group>";
		};
		C8F5994BCF151BF07BD9BCFE /* Pods */ = {
			isa = PBXGroup;
			children = (
				4AFB74C060A2E38EB4B51417 /* Pods-gaspiTestDev.debug.xcconfig */,
				DB5504F4B83EB379F1BDDAD4 /* Pods-gaspiTestDev.release.xcconfig */,
			);
			path = Pods;
			sourceTree = "<group>";
		};
/* End PBXGroup section */

/* Begin PBXNativeTarget section */
		1143141B26068C6300529223 /* gaspiTestDev */ = {
			isa = PBXNativeTarget;
			buildConfigurationList = 1143143026068C6500529223 /* Build configuration list for PBXNativeTarget "gaspiTestDev" */;
			buildPhases = (
				BE9443A0C9D247072914A27B /* [CP] Check Pods Manifest.lock */,
				1143141826068C6300529223 /* Sources */,
				1143141926068C6300529223 /* Frameworks */,
				1143141A26068C6300529223 /* Resources */,
				A8CC802476D24330884D7EBC /* [CP] Embed Pods Frameworks */,
			);
			buildRules = (
			);
			dependencies = (
			);
			name = gaspiTestDev;
			productName = gaspiTestDev;
			productReference = 1143141C26068C6300529223 /* gaspiTestDev.app */;
			productType = "com.apple.product-type.application";
		};
/* End PBXNativeTarget section */

/* Begin PBXProject section */
		1143141426068C6300529223 /* Project object */ = {
			isa = PBXProject;
			attributes = {
				LastSwiftUpdateCheck = 1240;
				LastUpgradeCheck = 1240;
				TargetAttributes = {
					1143141B26068C6300529223 = {
						CreatedOnToolsVersion = 12.4;
					};
				};
			};
			buildConfigurationList = 1143141726068C6300529223 /* Build configuration list for PBXProject "gaspiTestDev" */;
			compatibilityVersion = "Xcode 9.3";
			developmentRegion = en;
			hasScannedForEncodings = 0;
			knownRegions = (
				en,
				Base,
			);
			mainGroup = 1143141326068C6300529223;
			productRefGroup = 1143141D26068C6300529223 /* Products */;
			projectDirPath = "";
			projectRoot = "";
			targets = (
				1143141B26068C6300529223 /* gaspiTestDev */,
			);
		};
/* End PBXProject section */

/* Begin PBXResourcesBuildPhase section */
		1143141A26068C6300529223 /* Resources */ = {
			isa = PBXResourcesBuildPhase;
			buildActionMask = 2147483647;
			files = (
				114314732606AC4200529223 /* ProductViewCell.xib in Resources */,
				1143142C26068C6500529223 /* LaunchScreen.storyboard in Resources */,
				1143142926068C6500529223 /* Assets.xcassets in Resources */,
				1143144F26068E9C00529223 /* HomeViewController.xib in Resources */,
			);
			runOnlyForDeploymentPostprocessing = 0;
		};
/* End PBXResourcesBuildPhase section */

/* Begin PBXShellScriptBuildPhase section */
		A8CC802476D24330884D7EBC /* [CP] Embed Pods Frameworks */ = {
			isa = PBXShellScriptBuildPhase;
			buildActionMask = 2147483647;
			files = (
			);
			inputFileListPaths = (
				"${PODS_ROOT}/Target Support Files/Pods-gaspiTestDev/Pods-gaspiTestDev-frameworks-${CONFIGURATION}-input-files.xcfilelist",
			);
			name = "[CP] Embed Pods Frameworks";
			outputFileListPaths = (
				"${PODS_ROOT}/Target Support Files/Pods-gaspiTestDev/Pods-gaspiTestDev-frameworks-${CONFIGURATION}-output-files.xcfilelist",
			);
			runOnlyForDeploymentPostprocessing = 0;
			shellPath = /bin/sh;
			shellScript = "\"${PODS_ROOT}/Target Support Files/Pods-gaspiTestDev/Pods-gaspiTestDev-frameworks.sh\"\n";
			showEnvVarsInLog = 0;
		};
		BE9443A0C9D247072914A27B /* [CP] Check Pods Manifest.lock */ = {
			isa = PBXShellScriptBuildPhase;
			buildActionMask = 2147483647;
			files = (
			);
			inputFileListPaths = (
			);
			inputPaths = (
				"${PODS_PODFILE_DIR_PATH}/Podfile.lock",
				"${PODS_ROOT}/Manifest.lock",
			);
			name = "[CP] Check Pods Manifest.lock";
			outputFileListPaths = (
			);
			outputPaths = (
				"$(DERIVED_FILE_DIR)/Pods-gaspiTestDev-checkManifestLockResult.txt",
			);
			runOnlyForDeploymentPostprocessing = 0;
			shellPath = /bin/sh;
			shellScript = "diff \"${PODS_PODFILE_DIR_PATH}/Podfile.lock\" \"${PODS_ROOT}/Manifest.lock\" > /dev/null\nif [ $? != 0 ] ; then\n    # print error to STDERR\n    echo \"error: The sandbox is not in sync with the Podfile.lock. Run 'pod install' or update your CocoaPods installation.\" >&2\n    exit 1\nfi\n# This output is used by Xcode 'outputs' to avoid re-running this script phase.\necho \"SUCCESS\" > \"${SCRIPT_OUTPUT_FILE_0}\"\n";
			showEnvVarsInLog = 0;
		};
/* End PBXShellScriptBuildPhase section */

/* Begin PBXSourcesBuildPhase section */
		1143141826068C6300529223 /* Sources */ = {
			isa = PBXSourcesBuildPhase;
			buildActionMask = 2147483647;
			files = (
				1143145E2606952700529223 /* SimpleResposeModel.swift in Sources */,
				1143142026068C6300529223 /* AppDelegate.swift in Sources */,
				1143145326068EA900529223 /* HomeViewModel.swift in Sources */,
				1143143926068D0F00529223 /* ManagerConection.swift in Sources */,
				1143145B2606930100529223 /* Extensions.swift in Sources */,
				114314612606953300529223 /* Product.swift in Sources */,
				1143142226068C6300529223 /* SceneDelegate.swift in Sources */,
				1143145626068EB300529223 /* HomeRouter.swift in Sources */,
				1143143D26068D3200529223 /* API.swift in Sources */,
				1143144E26068E9C00529223 /* HomeViewController.swift in Sources */,
				114314722606AC4200529223 /* ProductViewCell.swift in Sources */,
				11998A812606D327006E3ECC /* Constants.swift in Sources */,
			);
			runOnlyForDeploymentPostprocessing = 0;
		};
/* End PBXSourcesBuildPhase section */

/* Begin PBXVariantGroup section */
		1143142A26068C6500529223 /* LaunchScreen.storyboard */ = {
			isa = PBXVariantGroup;
			children = (
				1143142B26068C6500529223 /* Base */,
			);
			name = LaunchScreen.storyboard;
			sourceTree = "<group>";
		};
/* End PBXVariantGroup section */

/* Begin XCBuildConfiguration section */
		1143142E26068C6500529223 /* Debug */ = {
			isa = XCBuildConfiguration;
			buildSettings = {
				ALWAYS_SEARCH_USER_PATHS = NO;
				CLANG_ANALYZER_NONNULL = YES;
				CLANG_ANALYZER_NUMBER_OBJECT_CONVERSION = YES_AGGRESSIVE;
				CLANG_CXX_LANGUAGE_STANDARD = "gnu++14";
				CLANG_CXX_LIBRARY = "libc++";
				CLANG_ENABLE_MODULES = YES;
				CLANG_ENABLE_OBJC_ARC = YES;
				CLANG_ENABLE_OBJC_WEAK = YES;
				CLANG_WARN_BLOCK_CAPTURE_AUTORELEASING = YES;
				CLANG_WARN_BOOL_CONVERSION = YES;
				CLANG_WARN_COMMA = YES;
				CLANG_WARN_CONSTANT_CONVERSION = YES;
				CLANG_WARN_DEPRECATED_OBJC_IMPLEMENTATIONS = YES;
				CLANG_WARN_DIRECT_OBJC_ISA_USAGE = YES_ERROR;
				CLANG_WARN_DOCUMENTATION_COMMENTS = YES;
				CLANG_WARN_EMPTY_BODY = YES;
				CLANG_WARN_ENUM_CONVERSION = YES;
				CLANG_WARN_INFINITE_RECURSION = YES;
				CLANG_WARN_INT_CONVERSION = YES;
				CLANG_WARN_NON_LITERAL_NULL_CONVERSION = YES;
				CLANG_WARN_OBJC_IMPLICIT_RETAIN_SELF = YES;
				CLANG_WARN_OBJC_LITERAL_CONVERSION = YES;
				CLANG_WARN_OBJC_ROOT_CLASS = YES_ERROR;
				CLANG_WARN_QUOTED_INCLUDE_IN_FRAMEWORK_HEADER = YES;
				CLANG_WARN_RANGE_LOOP_ANALYSIS = YES;
				CLANG_WARN_STRICT_PROTOTYPES = YES;
				CLANG_WARN_SUSPICIOUS_MOVE = YES;
				CLANG_WARN_UNGUARDED_AVAILABILITY = YES_AGGRESSIVE;
				CLANG_WARN_UNREACHABLE_CODE = YES;
				CLANG_WARN__DUPLICATE_METHOD_MATCH = YES;
				COPY_PHASE_STRIP = NO;
				DEBUG_INFORMATION_FORMAT = dwarf;
				ENABLE_STRICT_OBJC_MSGSEND = YES;
				ENABLE_TESTABILITY = YES;
				GCC_C_LANGUAGE_STANDARD = gnu11;
				GCC_DYNAMIC_NO_PIC = NO;
				GCC_NO_COMMON_BLOCKS = YES;
				GCC_OPTIMIZATION_LEVEL = 0;
				GCC_PREPROCESSOR_DEFINITIONS = (
					"DEBUG=1",
					"$(inherited)",
				);
				GCC_WARN_64_TO_32_BIT_CONVERSION = YES;
				GCC_WARN_ABOUT_RETURN_TYPE = YES_ERROR;
				GCC_WARN_UNDECLARED_SELECTOR = YES;
				GCC_WARN_UNINITIALIZED_AUTOS = YES_AGGRESSIVE;
				GCC_WARN_UNUSED_FUNCTION = YES;
				GCC_WARN_UNUSED_VARIABLE = YES;
				IPHONEOS_DEPLOYMENT_TARGET = 14.4;
				MTL_ENABLE_DEBUG_INFO = INCLUDE_SOURCE;
				MTL_FAST_MATH = YES;
				ONLY_ACTIVE_ARCH = YES;
				SDKROOT = iphoneos;
				SWIFT_ACTIVE_COMPILATION_CONDITIONS = DEBUG;
				SWIFT_OPTIMIZATION_LEVEL = "-Onone";
			};
			name = Debug;
		};
		1143142F26068C6500529223 /* Release */ = {
			isa = XCBuildConfiguration;
			buildSettings = {
				ALWAYS_SEARCH_USER_PATHS = NO;
				CLANG_ANALYZER_NONNULL = YES;
				CLANG_ANALYZER_NUMBER_OBJECT_CONVERSION = YES_AGGRESSIVE;
				CLANG_CXX_LANGUAGE_STANDARD = "gnu++14";
				CLANG_CXX_LIBRARY = "libc++";
				CLANG_ENABLE_MODULES = YES;
				CLANG_ENABLE_OBJC_ARC = YES;
				CLANG_ENABLE_OBJC_WEAK = YES;
				CLANG_WARN_BLOCK_CAPTURE_AUTORELEASING = YES;
				CLANG_WARN_BOOL_CONVERSION = YES;
				CLANG_WARN_COMMA = YES;
				CLANG_WARN_CONSTANT_CONVERSION = YES;
				CLANG_WARN_DEPRECATED_OBJC_IMPLEMENTATIONS = YES;
				CLANG_WARN_DIRECT_OBJC_ISA_USAGE = YES_ERROR;
				CLANG_WARN_DOCUMENTATION_COMMENTS = YES;
				CLANG_WARN_EMPTY_BODY = YES;
				CLANG_WARN_ENUM_CONVERSION = YES;
				CLANG_WARN_INFINITE_RECURSION = YES;
				CLANG_WARN_INT_CONVERSION = YES;
				CLANG_WARN_NON_LITERAL_NULL_CONVERSION = YES;
				CLANG_WARN_OBJC_IMPLICIT_RETAIN_SELF = YES;
				CLANG_WARN_OBJC_LITERAL_CONVERSION = YES;
				CLANG_WARN_OBJC_ROOT_CLASS = YES_ERROR;
				CLANG_WARN_QUOTED_INCLUDE_IN_FRAMEWORK_HEADER = YES;
				CLANG_WARN_RANGE_LOOP_ANALYSIS = YES;
				CLANG_WARN_STRICT_PROTOTYPES = YES;
				CLANG_WARN_SUSPICIOUS_MOVE = YES;
				CLANG_WARN_UNGUARDED_AVAILABILITY = YES_AGGRESSIVE;
				CLANG_WARN_UNREACHABLE_CODE = YES;
				CLANG_WARN__DUPLICATE_METHOD_MATCH = YES;
				COPY_PHASE_STRIP = NO;
				DEBUG_INFORMATION_FORMAT = "dwarf-with-dsym";
				ENABLE_NS_ASSERTIONS = NO;
				ENABLE_STRICT_OBJC_MSGSEND = YES;
				GCC_C_LANGUAGE_STANDARD = gnu11;
				GCC_NO_COMMON_BLOCKS = YES;
				GCC_WARN_64_TO_32_BIT_CONVERSION = YES;
				GCC_WARN_ABOUT_RETURN_TYPE = YES_ERROR;
				GCC_WARN_UNDECLARED_SELECTOR = YES;
				GCC_WARN_UNINITIALIZED_AUTOS = YES_AGGRESSIVE;
				GCC_WARN_UNUSED_FUNCTION = YES;
				GCC_WARN_UNUSED_VARIABLE = YES;
				IPHONEOS_DEPLOYMENT_TARGET = 14.4;
				MTL_ENABLE_DEBUG_INFO = NO;
				MTL_FAST_MATH = YES;
				SDKROOT = iphoneos;
				SWIFT_COMPILATION_MODE = wholemodule;
				SWIFT_OPTIMIZATION_LEVEL = "-O";
				VALIDATE_PRODUCT = YES;
			};
			name = Release;
		};
		1143143126068C6500529223 /* Debug */ = {
			isa = XCBuildConfiguration;
			baseConfigurationReference = 4AFB74C060A2E38EB4B51417 /* Pods-gaspiTestDev.debug.xcconfig */;
			buildSettings = {
				ASSETCATALOG_COMPILER_APPICON_NAME = AppIcon;
				ASSETCATALOG_COMPILER_GLOBAL_ACCENT_COLOR_NAME = AccentColor;
				CODE_SIGN_STYLE = Automatic;
				DEVELOPMENT_TEAM = 6444A3NU99;
				INFOPLIST_FILE = gaspiTestDev/Info.plist;
				LD_RUNPATH_SEARCH_PATHS = (
					"$(inherited)",
					"@executable_path/Frameworks",
				);
				PRODUCT_BUNDLE_IDENTIFIER = baragar.gaspiTestDev;
				PRODUCT_NAME = "$(TARGET_NAME)";
				SWIFT_VERSION = 5.0;
				TARGETED_DEVICE_FAMILY = "1,2";
			};
			name = Debug;
		};
		1143143226068C6500529223 /* Release */ = {
			isa = XCBuildConfiguration;
			baseConfigurationReference = DB5504F4B83EB379F1BDDAD4 /* Pods-gaspiTestDev.release.xcconfig */;
			buildSettings = {
				ASSETCATALOG_COMPILER_APPICON_NAME = AppIcon;
				ASSETCATALOG_COMPILER_GLOBAL_ACCENT_COLOR_NAME = AccentColor;
				CODE_SIGN_STYLE = Automatic;
				DEVELOPMENT_TEAM = 6444A3NU99;
				INFOPLIST_FILE = gaspiTestDev/Info.plist;
				LD_RUNPATH_SEARCH_PATHS = (
					"$(inherited)",
					"@executable_path/Frameworks",
				);
				PRODUCT_BUNDLE_IDENTIFIER = baragar.gaspiTestDev;
				PRODUCT_NAME = "$(TARGET_NAME)";
				SWIFT_VERSION = 5.0;
				TARGETED_DEVICE_FAMILY = "1,2";
			};
			name = Release;
		};
/* End XCBuildConfiguration section */

/* Begin XCConfigurationList section */
		1143141726068C6300529223 /* Build configuration list for PBXProject "gaspiTestDev" */ = {
			isa = XCConfigurationList;
			buildConfigurations = (
				1143142E26068C6500529223 /* Debug */,
				1143142F26068C6500529223 /* Release */,
			);
			defaultConfigurationIsVisible = 0;
			defaultConfigurationName = Release;
		};
		1143143026068C6500529223 /* Build configuration list for PBXNativeTarget "gaspiTestDev" */ = {
			isa = XCConfigurationList;
			buildConfigurations = (
				1143143126068C6500529223 /* Debug */,
				1143143226068C6500529223 /* Release */,
			);
			defaultConfigurationIsVisible = 0;
			defaultConfigurationName = Release;
		};
/* End XCConfigurationList section */
	};
	rootObject = 1143141426068C6300529223 /* Project object */;
}
